
Microsoft Visual Studio Solution File, Format Version 12.00
# Visual Studio Express 15 for Windows Desktop
VisualStudioVersion = 15.0.28307.902
MinimumVisualStudioVersion = 10.0.40219.1
Project("{8BC9CEB8-8B4A-11D0-8D11-00A0C91BC942}") = "StringExtended2", "StringExtended2\StringExtended2.vcxproj", "{576D944E-51DA-4B1E-9A7B-478027D863A6}"
EndProject
Global
	GlobalSection(SolutionConfigurationPlatforms) = preSolution
		Debug|x64 = Debug|x64
		Debug|x86 = Debug|x86
		Release|x64 = Release|x64
		Release|x86 = Release|x86
	EndGlobalSection
	GlobalSection(ProjectConfigurationPlatforms) = postSolution
		{576D944E-51DA-4B1E-9A7B-478027D863A6}.Debug|x64.ActiveCfg = Debug|x64
		{576D944E-51DA-4B1E-9A7B-478027D863A6}.Debug|x64.Build.0 = Debug|x64
		{576D944E-51DA-4B1E-9A7B-478027D863A6}.Debug|x86.ActiveCfg = Debug|Win32
		{576D944E-51DA-4B1E-9A7B-478027D863A6}.Debug|x86.Build.0 = Debug|Win32
		{576D944E-51DA-4B1E-9A7B-478027D863A6}.Release|x64.ActiveCfg = Release|x64
		{576D944E-51DA-4B1E-9A7B-478027D863A6}.Release|x64.Build.0 = Release|x64
		{576D944E-51DA-4B1E-9A7B-478027D863A6}.Release|x86.ActiveCfg = Release|Win32
		{576D944E-51DA-4B1E-9A7B-478027D863A6}.Release|x86.Build.0 = Release|Win32
	EndGlobalSection
	GlobalSection(SolutionProperties) = preSolution
		HideSolutionNode = FALSE
	EndGlobalSection
	GlobalSection(ExtensibilityGlobals) = postSolution
		SolutionGuid = {6A2198F2-2638-45FA-8FBD-9886B6533EF5}
	EndGlobalSection
EndGlobal
